
Microsoft Visual Studio Solution File, Format Version 12.00
# Visual Studio Version 16
VisualStudioVersion = 16.0.30621.155
MinimumVisualStudioVersion = 10.0.40219.1
Project("{FAE04EC0-301F-11D3-BF4B-00C04F79EFBC}") = "StringManipulationTutorial19112020", "StringManipulationTutorial19112020\StringManipulationTutorial19112020.csproj", "{A301BAE9-98BC-40BB-8DD5-C60E9E1FEC87}"
EndProject
Global
	GlobalSection(SolutionConfigurationPlatforms) = preSolution
		Debug|Any CPU = Debug|Any CPU
		Release|Any CPU = Release|Any CPU
	EndGlobalSection
	GlobalSection(ProjectConfigurationPlatforms) = postSolution
		{A301BAE9-98BC-40BB-8DD5-C60E9E1FEC87}.Debug|Any CPU.ActiveCfg = Debug|Any CPU
		{A301BAE9-98BC-40BB-8DD5-C60E9E1FEC87}.Debug|Any CPU.Build.0 = Debug|Any CPU
		{A301BAE9-98BC-40BB-8DD5-C60E9E1FEC87}.Release|Any CPU.ActiveCfg = Release|Any CPU
		{A301BAE9-98BC-40BB-8DD5-C60E9E1FEC87}.Release|Any CPU.Build.0 = Release|Any CPU
	EndGlobalSection
	GlobalSection(SolutionProperties) = preSolution
		HideSolutionNode = FALSE
	EndGlobalSection
	GlobalSection(ExtensibilityGlobals) = postSolution
		SolutionGuid = {0A94BB86-3E95-4CA2-897C-B8C8FCCD7F5E}
	EndGlobalSection
EndGlobal
