
Microsoft Visual Studio Solution File, Format Version 12.00
# Visual Studio Version 16
VisualStudioVersion = 16.0.30621.155
MinimumVisualStudioVersion = 10.0.40219.1
Project("{FAE04EC0-301F-11D3-BF4B-00C04F79EFBC}") = "GenericsTutorial19112020", "GenericsTutorial19112020\GenericsTutorial19112020.csproj", "{43B28B59-DB23-481F-BA09-6153DFFFAB58}"
EndProject
Global
	GlobalSection(SolutionConfigurationPlatforms) = preSolution
		Debug|Any CPU = Debug|Any CPU
		Release|Any CPU = Release|Any CPU
	EndGlobalSection
	GlobalSection(ProjectConfigurationPlatforms) = postSolution
		{43B28B59-DB23-481F-BA09-6153DFFFAB58}.Debug|Any CPU.ActiveCfg = Debug|Any CPU
		{43B28B59-DB23-481F-BA09-6153DFFFAB58}.Debug|Any CPU.Build.0 = Debug|Any CPU
		{43B28B59-DB23-481F-BA09-6153DFFFAB58}.Release|Any CPU.ActiveCfg = Release|Any CPU
		{43B28B59-DB23-481F-BA09-6153DFFFAB58}.Release|Any CPU.Build.0 = Release|Any CPU
	EndGlobalSection
	GlobalSection(SolutionProperties) = preSolution
		HideSolutionNode = FALSE
	EndGlobalSection
	GlobalSection(ExtensibilityGlobals) = postSolution
		SolutionGuid = {14A8696F-8DD6-42BB-86FD-1C01138DC12B}
	EndGlobalSection
EndGlobal
