
Microsoft Visual Studio Solution File, Format Version 12.00
# Visual Studio Version 16
VisualStudioVersion = 16.0.30621.155
MinimumVisualStudioVersion = 10.0.40219.1
Project("{FAE04EC0-301F-11D3-BF4B-00C04F79EFBC}") = "RandomizeTutorial19112020", "RandomizeTutorial19112020\RandomizeTutorial19112020.csproj", "{1D0A14AD-F6A5-4056-AF0B-8BCD15F5D275}"
EndProject
Global
	GlobalSection(SolutionConfigurationPlatforms) = preSolution
		Debug|Any CPU = Debug|Any CPU
		Release|Any CPU = Release|Any CPU
	EndGlobalSection
	GlobalSection(ProjectConfigurationPlatforms) = postSolution
		{1D0A14AD-F6A5-4056-AF0B-8BCD15F5D275}.Debug|Any CPU.ActiveCfg = Debug|Any CPU
		{1D0A14AD-F6A5-4056-AF0B-8BCD15F5D275}.Debug|Any CPU.Build.0 = Debug|Any CPU
		{1D0A14AD-F6A5-4056-AF0B-8BCD15F5D275}.Release|Any CPU.ActiveCfg = Release|Any CPU
		{1D0A14AD-F6A5-4056-AF0B-8BCD15F5D275}.Release|Any CPU.Build.0 = Release|Any CPU
	EndGlobalSection
	GlobalSection(SolutionProperties) = preSolution
		HideSolutionNode = FALSE
	EndGlobalSection
	GlobalSection(ExtensibilityGlobals) = postSolution
		SolutionGuid = {EFC55D52-4CE8-4093-B789-DA61A41ECB6A}
	EndGlobalSection
EndGlobal
