
Microsoft Visual Studio Solution File, Format Version 12.00
# Visual Studio Version 16
VisualStudioVersion = 16.0.30621.155
MinimumVisualStudioVersion = 10.0.40219.1
Project("{FAE04EC0-301F-11D3-BF4B-00C04F79EFBC}") = "ArraysTutorial11092020", "ArraysTutorial11092020\ArraysTutorial11092020.csproj", "{42F136E6-F88A-4DF7-A44B-DE3E4D8BB733}"
EndProject
Global
	GlobalSection(SolutionConfigurationPlatforms) = preSolution
		Debug|Any CPU = Debug|Any CPU
		Release|Any CPU = Release|Any CPU
	EndGlobalSection
	GlobalSection(ProjectConfigurationPlatforms) = postSolution
		{42F136E6-F88A-4DF7-A44B-DE3E4D8BB733}.Debug|Any CPU.ActiveCfg = Debug|Any CPU
		{42F136E6-F88A-4DF7-A44B-DE3E4D8BB733}.Debug|Any CPU.Build.0 = Debug|Any CPU
		{42F136E6-F88A-4DF7-A44B-DE3E4D8BB733}.Release|Any CPU.ActiveCfg = Release|Any CPU
		{42F136E6-F88A-4DF7-A44B-DE3E4D8BB733}.Release|Any CPU.Build.0 = Release|Any CPU
	EndGlobalSection
	GlobalSection(SolutionProperties) = preSolution
		HideSolutionNode = FALSE
	EndGlobalSection
	GlobalSection(ExtensibilityGlobals) = postSolution
		SolutionGuid = {DF8B2A7B-396A-4A03-9379-F4F83B5A5D9F}
	EndGlobalSection
EndGlobal
