
Microsoft Visual Studio Solution File, Format Version 12.00
# Visual Studio Version 16
VisualStudioVersion = 16.0.30621.155
MinimumVisualStudioVersion = 10.0.40219.1
Project("{FAE04EC0-301F-11D3-BF4B-00C04F79EFBC}") = "AddTwoNumbers", "AddTwoNumbers\AddTwoNumbers.csproj", "{BE0D555A-F7BB-4FB1-9E1A-BC9D8832323F}"
EndProject
Global
	GlobalSection(SolutionConfigurationPlatforms) = preSolution
		Debug|Any CPU = Debug|Any CPU
		Release|Any CPU = Release|Any CPU
	EndGlobalSection
	GlobalSection(ProjectConfigurationPlatforms) = postSolution
		{BE0D555A-F7BB-4FB1-9E1A-BC9D8832323F}.Debug|Any CPU.ActiveCfg = Debug|Any CPU
		{BE0D555A-F7BB-4FB1-9E1A-BC9D8832323F}.Debug|Any CPU.Build.0 = Debug|Any CPU
		{BE0D555A-F7BB-4FB1-9E1A-BC9D8832323F}.Release|Any CPU.ActiveCfg = Release|Any CPU
		{BE0D555A-F7BB-4FB1-9E1A-BC9D8832323F}.Release|Any CPU.Build.0 = Release|Any CPU
	EndGlobalSection
	GlobalSection(SolutionProperties) = preSolution
		HideSolutionNode = FALSE
	EndGlobalSection
	GlobalSection(ExtensibilityGlobals) = postSolution
		SolutionGuid = {4CBA48B7-902F-4EB6-9802-C540B8286560}
	EndGlobalSection
EndGlobal
